# This file is autogenerated, do not edit; changes may be undone by the next 'dep ensure'.


[[projects]]
  branch = "master"
  name = "github.com/alexflint/go-arg"
  packages = ["."]
  revision = "f7c0423bd11ee80ab81d25c6d46f492998af8547"

[[projects]]
  name = "github.com/alexflint/go-scalar"
  packages = ["."]
  revision = "45e5d6cd8605faef82fda2bacc59e734a0b6f1f0"

[[projects]]
  branch = "master"
  name = "github.com/google/go-containerregistry"
  packages = [
    "authn",
    "name",
    "v1",
    "v1/empty",
    "v1/mutate",
    "v1/partial",
    "v1/random",
    "v1/remote",
    "v1/remote/transport",
    "v1/tarball",
    "v1/types",
    "v1/v1util"
  ]
  revision = "3f14e090ec8bf240fb209fbe705e4fb55d8ecbad"

[[projects]]
  name = "github.com/pkg/errors"
  packages = ["."]
  revision = "645ef00459ed84a119197bfb8d8205042c6df63d"
  version = "v0.8.0"

[solve-meta]
  analyzer-name = "dep"
  analyzer-version = 1
  inputs-digest = "98ad657dc77b05438839ffc67125739b7f97bced195f97f0dc70d69cebb769b5"
  solver-name = "gps-cdcl"
  solver-version = 1
